
Microsoft Visual Studio Solution File, Format Version 12.00
# Visual Studio Version 17
VisualStudioVersion = 17.5.33318.248
MinimumVisualStudioVersion = 10.0.40219.1
Project("{FAE04EC0-301F-11D3-BF4B-00C04F79EFBC}") = "MessageApp", "MessageApp\MessageApp.csproj", "{1F7A2267-8930-427F-99B5-C3A938EE11FB}"
EndProject
Global
	GlobalSection(SolutionConfigurationPlatforms) = preSolution
		Debug|Any CPU = Debug|Any CPU
		Release|Any CPU = Release|Any CPU
	EndGlobalSection
	GlobalSection(ProjectConfigurationPlatforms) = postSolution
		{1F7A2267-8930-427F-99B5-C3A938EE11FB}.Debug|Any CPU.ActiveCfg = Debug|Any CPU
		{1F7A2267-8930-427F-99B5-C3A938EE11FB}.Debug|Any CPU.Build.0 = Debug|Any CPU
		{1F7A2267-8930-427F-99B5-C3A938EE11FB}.Release|Any CPU.ActiveCfg = Release|Any CPU
		{1F7A2267-8930-427F-99B5-C3A938EE11FB}.Release|Any CPU.Build.0 = Release|Any CPU
	EndGlobalSection
	GlobalSection(SolutionProperties) = preSolution
		HideSolutionNode = FALSE
	EndGlobalSection
	GlobalSection(ExtensibilityGlobals) = postSolution
		SolutionGuid = {CD1AAABF-B19A-40B5-A5F6-02F3F83D07CA}
	EndGlobalSection
EndGlobal
